
Microsoft Visual Studio Solution File, Format Version 12.00
Project("{FAE04EC0-301F-11D3-BF4B-00C04F79EFBC}") = "T03 - Course Introduction", "T03 - Course Introduction\T03 - Course Introduction.csproj", "{B46FAFDF-E51A-46A4-AE9D-2D10674DA540}"
EndProject
Global
	GlobalSection(SolutionConfigurationPlatforms) = preSolution
		Debug|Any CPU = Debug|Any CPU
		Release|Any CPU = Release|Any CPU
	EndGlobalSection
	GlobalSection(ProjectConfigurationPlatforms) = postSolution
		{B46FAFDF-E51A-46A4-AE9D-2D10674DA540}.Debug|Any CPU.ActiveCfg = Debug|Any CPU
		{B46FAFDF-E51A-46A4-AE9D-2D10674DA540}.Debug|Any CPU.Build.0 = Debug|Any CPU
		{B46FAFDF-E51A-46A4-AE9D-2D10674DA540}.Release|Any CPU.ActiveCfg = Release|Any CPU
		{B46FAFDF-E51A-46A4-AE9D-2D10674DA540}.Release|Any CPU.Build.0 = Release|Any CPU
	EndGlobalSection
EndGlobal
