
Microsoft Visual Studio Solution File, Format Version 12.00
# Visual Studio Version 17
VisualStudioVersion = 17.2.32516.85
MinimumVisualStudioVersion = 10.0.40219.1
Project("{FAE04EC0-301F-11D3-BF4B-00C04F79EFBC}") = "01. Company Roster", "01. Company Roster\01. Company Roster.csproj", "{6398D660-072E-464A-BF82-15BE0D1180D6}"
EndProject
Project("{FAE04EC0-301F-11D3-BF4B-00C04F79EFBC}") = "02. Oldest Family Member", "02. Oldest Family Member\02. Oldest Family Member.csproj", "{A844689B-5929-40EF-B66A-8AA9FB7888A3}"
EndProject
Project("{FAE04EC0-301F-11D3-BF4B-00C04F79EFBC}") = "03. Speed Racing", "03. Speed Racing\03. Speed Racing.csproj", "{75DC04FF-637B-44B1-A8F7-031D337D9DBA}"
EndProject
Project("{FAE04EC0-301F-11D3-BF4B-00C04F79EFBC}") = "04. Raw Data", "04. Raw Data\04. Raw Data.csproj", "{F1E579B6-1DD5-4713-AC23-9C52B73B7BEE}"
EndProject
Project("{FAE04EC0-301F-11D3-BF4B-00C04F79EFBC}") = "05. Shopping Spree", "05. Shopping Spree\05. Shopping Spree.csproj", "{4FF79AA9-C81D-4D81-B598-33FB76017FB1}"
EndProject
Global
	GlobalSection(SolutionConfigurationPlatforms) = preSolution
		Debug|Any CPU = Debug|Any CPU
		Release|Any CPU = Release|Any CPU
	EndGlobalSection
	GlobalSection(ProjectConfigurationPlatforms) = postSolution
		{6398D660-072E-464A-BF82-15BE0D1180D6}.Debug|Any CPU.ActiveCfg = Debug|Any CPU
		{6398D660-072E-464A-BF82-15BE0D1180D6}.Debug|Any CPU.Build.0 = Debug|Any CPU
		{6398D660-072E-464A-BF82-15BE0D1180D6}.Release|Any CPU.ActiveCfg = Release|Any CPU
		{6398D660-072E-464A-BF82-15BE0D1180D6}.Release|Any CPU.Build.0 = Release|Any CPU
		{A844689B-5929-40EF-B66A-8AA9FB7888A3}.Debug|Any CPU.ActiveCfg = Debug|Any CPU
		{A844689B-5929-40EF-B66A-8AA9FB7888A3}.Debug|Any CPU.Build.0 = Debug|Any CPU
		{A844689B-5929-40EF-B66A-8AA9FB7888A3}.Release|Any CPU.ActiveCfg = Release|Any CPU
		{A844689B-5929-40EF-B66A-8AA9FB7888A3}.Release|Any CPU.Build.0 = Release|Any CPU
		{75DC04FF-637B-44B1-A8F7-031D337D9DBA}.Debug|Any CPU.ActiveCfg = Debug|Any CPU
		{75DC04FF-637B-44B1-A8F7-031D337D9DBA}.Debug|Any CPU.Build.0 = Debug|Any CPU
		{75DC04FF-637B-44B1-A8F7-031D337D9DBA}.Release|Any CPU.ActiveCfg = Release|Any CPU
		{75DC04FF-637B-44B1-A8F7-031D337D9DBA}.Release|Any CPU.Build.0 = Release|Any CPU
		{F1E579B6-1DD5-4713-AC23-9C52B73B7BEE}.Debug|Any CPU.ActiveCfg = Debug|Any CPU
		{F1E579B6-1DD5-4713-AC23-9C52B73B7BEE}.Debug|Any CPU.Build.0 = Debug|Any CPU
		{F1E579B6-1DD5-4713-AC23-9C52B73B7BEE}.Release|Any CPU.ActiveCfg = Release|Any CPU
		{F1E579B6-1DD5-4713-AC23-9C52B73B7BEE}.Release|Any CPU.Build.0 = Release|Any CPU
		{4FF79AA9-C81D-4D81-B598-33FB76017FB1}.Debug|Any CPU.ActiveCfg = Debug|Any CPU
		{4FF79AA9-C81D-4D81-B598-33FB76017FB1}.Debug|Any CPU.Build.0 = Debug|Any CPU
		{4FF79AA9-C81D-4D81-B598-33FB76017FB1}.Release|Any CPU.ActiveCfg = Release|Any CPU
		{4FF79AA9-C81D-4D81-B598-33FB76017FB1}.Release|Any CPU.Build.0 = Release|Any CPU
	EndGlobalSection
	GlobalSection(SolutionProperties) = preSolution
		HideSolutionNode = FALSE
	EndGlobalSection
	GlobalSection(ExtensibilityGlobals) = postSolution
		SolutionGuid = {67281808-1AAD-49EF-9B6E-75239F7D8B7A}
	EndGlobalSection
EndGlobal
