
Microsoft Visual Studio Solution File, Format Version 12.00
# Visual Studio Version 17
VisualStudioVersion = 17.1.32421.90
MinimumVisualStudioVersion = 10.0.40219.1
Project("{FAE04EC0-301F-11D3-BF4B-00C04F79EFBC}") = "01. Sort Numbers", "01. Sort Numbers\01. Sort Numbers.csproj", "{88D9F36B-1211-4A2E-AF1D-5C693D10F054}"
EndProject
Project("{FAE04EC0-301F-11D3-BF4B-00C04F79EFBC}") = "02. English Name of the Last Digit", "02. English Name of the Last Digit\02. English Name of the Last Digit.csproj", "{FF5BE4F8-A632-4A0F-9015-6347FC50DD8A}"
EndProject
Project("{FAE04EC0-301F-11D3-BF4B-00C04F79EFBC}") = "03. Gaming Store", "03. Gaming Store\03. Gaming Store.csproj", "{3070B7A0-4B6B-4A40-90EB-386C6C0C3F41}"
EndProject
Project("{FAE04EC0-301F-11D3-BF4B-00C04F79EFBC}") = "04. Reverse String", "04. Reverse String\04. Reverse String.csproj", "{B96A128A-FBC6-48DC-A4F1-6E1AE8E5AD55}"
EndProject
Project("{FAE04EC0-301F-11D3-BF4B-00C04F79EFBC}") = "05. Messages", "05. Messages\05. Messages.csproj", "{ECB234C3-26A7-4F30-91D6-C77BE238D0CA}"
EndProject
Global
	GlobalSection(SolutionConfigurationPlatforms) = preSolution
		Debug|Any CPU = Debug|Any CPU
		Release|Any CPU = Release|Any CPU
	EndGlobalSection
	GlobalSection(ProjectConfigurationPlatforms) = postSolution
		{88D9F36B-1211-4A2E-AF1D-5C693D10F054}.Debug|Any CPU.ActiveCfg = Debug|Any CPU
		{88D9F36B-1211-4A2E-AF1D-5C693D10F054}.Debug|Any CPU.Build.0 = Debug|Any CPU
		{88D9F36B-1211-4A2E-AF1D-5C693D10F054}.Release|Any CPU.ActiveCfg = Release|Any CPU
		{88D9F36B-1211-4A2E-AF1D-5C693D10F054}.Release|Any CPU.Build.0 = Release|Any CPU
		{FF5BE4F8-A632-4A0F-9015-6347FC50DD8A}.Debug|Any CPU.ActiveCfg = Debug|Any CPU
		{FF5BE4F8-A632-4A0F-9015-6347FC50DD8A}.Debug|Any CPU.Build.0 = Debug|Any CPU
		{FF5BE4F8-A632-4A0F-9015-6347FC50DD8A}.Release|Any CPU.ActiveCfg = Release|Any CPU
		{FF5BE4F8-A632-4A0F-9015-6347FC50DD8A}.Release|Any CPU.Build.0 = Release|Any CPU
		{3070B7A0-4B6B-4A40-90EB-386C6C0C3F41}.Debug|Any CPU.ActiveCfg = Debug|Any CPU
		{3070B7A0-4B6B-4A40-90EB-386C6C0C3F41}.Debug|Any CPU.Build.0 = Debug|Any CPU
		{3070B7A0-4B6B-4A40-90EB-386C6C0C3F41}.Release|Any CPU.ActiveCfg = Release|Any CPU
		{3070B7A0-4B6B-4A40-90EB-386C6C0C3F41}.Release|Any CPU.Build.0 = Release|Any CPU
		{B96A128A-FBC6-48DC-A4F1-6E1AE8E5AD55}.Debug|Any CPU.ActiveCfg = Debug|Any CPU
		{B96A128A-FBC6-48DC-A4F1-6E1AE8E5AD55}.Debug|Any CPU.Build.0 = Debug|Any CPU
		{B96A128A-FBC6-48DC-A4F1-6E1AE8E5AD55}.Release|Any CPU.ActiveCfg = Release|Any CPU
		{B96A128A-FBC6-48DC-A4F1-6E1AE8E5AD55}.Release|Any CPU.Build.0 = Release|Any CPU
		{ECB234C3-26A7-4F30-91D6-C77BE238D0CA}.Debug|Any CPU.ActiveCfg = Debug|Any CPU
		{ECB234C3-26A7-4F30-91D6-C77BE238D0CA}.Debug|Any CPU.Build.0 = Debug|Any CPU
		{ECB234C3-26A7-4F30-91D6-C77BE238D0CA}.Release|Any CPU.ActiveCfg = Release|Any CPU
		{ECB234C3-26A7-4F30-91D6-C77BE238D0CA}.Release|Any CPU.Build.0 = Release|Any CPU
	EndGlobalSection
	GlobalSection(SolutionProperties) = preSolution
		HideSolutionNode = FALSE
	EndGlobalSection
	GlobalSection(ExtensibilityGlobals) = postSolution
		SolutionGuid = {8F4BC20C-523C-439F-A44A-BEF6B1F99F5E}
	EndGlobalSection
EndGlobal
