
Microsoft Visual Studio Solution File, Format Version 12.00
Project("{FAE04EC0-301F-11D3-BF4B-00C04F79EFBC}") = "T02 - Language Comparison", "T02 - Language Comparison\T02 - Language Comparison.csproj", "{F52614B6-88E9-4D90-9229-ADF2D5692D3B}"
EndProject
Global
	GlobalSection(SolutionConfigurationPlatforms) = preSolution
		Debug|Any CPU = Debug|Any CPU
		Release|Any CPU = Release|Any CPU
	EndGlobalSection
	GlobalSection(ProjectConfigurationPlatforms) = postSolution
		{F52614B6-88E9-4D90-9229-ADF2D5692D3B}.Debug|Any CPU.ActiveCfg = Debug|Any CPU
		{F52614B6-88E9-4D90-9229-ADF2D5692D3B}.Debug|Any CPU.Build.0 = Debug|Any CPU
		{F52614B6-88E9-4D90-9229-ADF2D5692D3B}.Release|Any CPU.ActiveCfg = Release|Any CPU
		{F52614B6-88E9-4D90-9229-ADF2D5692D3B}.Release|Any CPU.Build.0 = Release|Any CPU
	EndGlobalSection
EndGlobal
