
Microsoft Visual Studio Solution File, Format Version 12.00
# Visual Studio Version 17
VisualStudioVersion = 17.5.33414.496
MinimumVisualStudioVersion = 10.0.40219.1
Project("{FAE04EC0-301F-11D3-BF4B-00C04F79EFBC}") = "01. Recursive Array Sum", "01. Recursive Array Sum\01. Recursive Array Sum.csproj", "{3D286E27-CD12-4B31-B4E2-032B9B681673}"
EndProject
Project("{FAE04EC0-301F-11D3-BF4B-00C04F79EFBC}") = "02. Recursive Drawing", "02. Recursive Drawing\02. Recursive Drawing.csproj", "{73629B3D-D3BB-464C-AA4A-0A43D846E498}"
EndProject
Project("{FAE04EC0-301F-11D3-BF4B-00C04F79EFBC}") = "04. Recursive Factorial", "04. Recursive Factorial\04. Recursive Factorial.csproj", "{1009AE37-BA6F-4F9F-984D-7BCC562767DA}"
EndProject
Project("{FAE04EC0-301F-11D3-BF4B-00C04F79EFBC}") = "05. Find All Paths in a Labyrinth", "05. Find All Paths in a Labyrinth\05. Find All Paths in a Labyrinth.csproj", "{51210EA7-B366-4235-A389-4593272926F9}"
EndProject
Project("{FAE04EC0-301F-11D3-BF4B-00C04F79EFBC}") = "06. Queens Puzzle", "06. Queens Puzzle\06. Queens Puzzle.csproj", "{68E941B3-2C56-4E9C-A83F-A6326FA8C8F6}"
EndProject
Project("{FAE04EC0-301F-11D3-BF4B-00C04F79EFBC}") = "03. Generating 01 Vectors", "03. Generating 01 Vectors\03. Generating 01 Vectors.csproj", "{B1C7E21D-7BE4-4C20-9BF8-BEB8CABB052A}"
EndProject
Global
	GlobalSection(SolutionConfigurationPlatforms) = preSolution
		Debug|Any CPU = Debug|Any CPU
		Release|Any CPU = Release|Any CPU
	EndGlobalSection
	GlobalSection(ProjectConfigurationPlatforms) = postSolution
		{3D286E27-CD12-4B31-B4E2-032B9B681673}.Debug|Any CPU.ActiveCfg = Debug|Any CPU
		{3D286E27-CD12-4B31-B4E2-032B9B681673}.Debug|Any CPU.Build.0 = Debug|Any CPU
		{3D286E27-CD12-4B31-B4E2-032B9B681673}.Release|Any CPU.ActiveCfg = Release|Any CPU
		{3D286E27-CD12-4B31-B4E2-032B9B681673}.Release|Any CPU.Build.0 = Release|Any CPU
		{73629B3D-D3BB-464C-AA4A-0A43D846E498}.Debug|Any CPU.ActiveCfg = Debug|Any CPU
		{73629B3D-D3BB-464C-AA4A-0A43D846E498}.Debug|Any CPU.Build.0 = Debug|Any CPU
		{73629B3D-D3BB-464C-AA4A-0A43D846E498}.Release|Any CPU.ActiveCfg = Release|Any CPU
		{73629B3D-D3BB-464C-AA4A-0A43D846E498}.Release|Any CPU.Build.0 = Release|Any CPU
		{1009AE37-BA6F-4F9F-984D-7BCC562767DA}.Debug|Any CPU.ActiveCfg = Debug|Any CPU
		{1009AE37-BA6F-4F9F-984D-7BCC562767DA}.Debug|Any CPU.Build.0 = Debug|Any CPU
		{1009AE37-BA6F-4F9F-984D-7BCC562767DA}.Release|Any CPU.ActiveCfg = Release|Any CPU
		{1009AE37-BA6F-4F9F-984D-7BCC562767DA}.Release|Any CPU.Build.0 = Release|Any CPU
		{51210EA7-B366-4235-A389-4593272926F9}.Debug|Any CPU.ActiveCfg = Debug|Any CPU
		{51210EA7-B366-4235-A389-4593272926F9}.Debug|Any CPU.Build.0 = Debug|Any CPU
		{51210EA7-B366-4235-A389-4593272926F9}.Release|Any CPU.ActiveCfg = Release|Any CPU
		{51210EA7-B366-4235-A389-4593272926F9}.Release|Any CPU.Build.0 = Release|Any CPU
		{68E941B3-2C56-4E9C-A83F-A6326FA8C8F6}.Debug|Any CPU.ActiveCfg = Debug|Any CPU
		{68E941B3-2C56-4E9C-A83F-A6326FA8C8F6}.Debug|Any CPU.Build.0 = Debug|Any CPU
		{68E941B3-2C56-4E9C-A83F-A6326FA8C8F6}.Release|Any CPU.ActiveCfg = Release|Any CPU
		{68E941B3-2C56-4E9C-A83F-A6326FA8C8F6}.Release|Any CPU.Build.0 = Release|Any CPU
		{B1C7E21D-7BE4-4C20-9BF8-BEB8CABB052A}.Debug|Any CPU.ActiveCfg = Debug|Any CPU
		{B1C7E21D-7BE4-4C20-9BF8-BEB8CABB052A}.Debug|Any CPU.Build.0 = Debug|Any CPU
		{B1C7E21D-7BE4-4C20-9BF8-BEB8CABB052A}.Release|Any CPU.ActiveCfg = Release|Any CPU
		{B1C7E21D-7BE4-4C20-9BF8-BEB8CABB052A}.Release|Any CPU.Build.0 = Release|Any CPU
	EndGlobalSection
	GlobalSection(SolutionProperties) = preSolution
		HideSolutionNode = FALSE
	EndGlobalSection
	GlobalSection(ExtensibilityGlobals) = postSolution
		SolutionGuid = {B3184FB0-100B-4396-BD5F-8A47B3B5D64E}
	EndGlobalSection
EndGlobal
