
Microsoft Visual Studio Solution File, Format Version 12.00
# Visual Studio Version 17
VisualStudioVersion = 17.2.32516.85
MinimumVisualStudioVersion = 10.0.40219.1
Project("{FAE04EC0-301F-11D3-BF4B-00C04F79EFBC}") = "01. Data Types", "01. Data Types\01. Data Types.csproj", "{9A554626-B847-4D89-B455-A4F5A7BFFF40}"
EndProject
Project("{FAE04EC0-301F-11D3-BF4B-00C04F79EFBC}") = "02. Center Point", "02. Center Point\02. Center Point.csproj", "{9181EF9A-26DA-430F-9A69-A5A58968E079}"
EndProject
Project("{FAE04EC0-301F-11D3-BF4B-00C04F79EFBC}") = "03. Longer Line", "03. Longer Line\03. Longer Line.csproj", "{64979C54-9033-4BCB-B0DE-45949974F21C}"
EndProject
Project("{FAE04EC0-301F-11D3-BF4B-00C04F79EFBC}") = "04. Tribonacci Sequence", "04. Tribonacci Sequence\04. Tribonacci Sequence.csproj", "{543D1F87-16F1-499C-93A7-55535143B059}"
EndProject
Project("{FAE04EC0-301F-11D3-BF4B-00C04F79EFBC}") = "05. Multiplication Sign", "05. Multiplication Sign\05. Multiplication Sign.csproj", "{48C0B966-A9F8-4B6B-A912-A34305D82703}"
EndProject
Global
	GlobalSection(SolutionConfigurationPlatforms) = preSolution
		Debug|Any CPU = Debug|Any CPU
		Release|Any CPU = Release|Any CPU
	EndGlobalSection
	GlobalSection(ProjectConfigurationPlatforms) = postSolution
		{9A554626-B847-4D89-B455-A4F5A7BFFF40}.Debug|Any CPU.ActiveCfg = Debug|Any CPU
		{9A554626-B847-4D89-B455-A4F5A7BFFF40}.Debug|Any CPU.Build.0 = Debug|Any CPU
		{9A554626-B847-4D89-B455-A4F5A7BFFF40}.Release|Any CPU.ActiveCfg = Release|Any CPU
		{9A554626-B847-4D89-B455-A4F5A7BFFF40}.Release|Any CPU.Build.0 = Release|Any CPU
		{9181EF9A-26DA-430F-9A69-A5A58968E079}.Debug|Any CPU.ActiveCfg = Debug|Any CPU
		{9181EF9A-26DA-430F-9A69-A5A58968E079}.Debug|Any CPU.Build.0 = Debug|Any CPU
		{9181EF9A-26DA-430F-9A69-A5A58968E079}.Release|Any CPU.ActiveCfg = Release|Any CPU
		{9181EF9A-26DA-430F-9A69-A5A58968E079}.Release|Any CPU.Build.0 = Release|Any CPU
		{64979C54-9033-4BCB-B0DE-45949974F21C}.Debug|Any CPU.ActiveCfg = Debug|Any CPU
		{64979C54-9033-4BCB-B0DE-45949974F21C}.Debug|Any CPU.Build.0 = Debug|Any CPU
		{64979C54-9033-4BCB-B0DE-45949974F21C}.Release|Any CPU.ActiveCfg = Release|Any CPU
		{64979C54-9033-4BCB-B0DE-45949974F21C}.Release|Any CPU.Build.0 = Release|Any CPU
		{543D1F87-16F1-499C-93A7-55535143B059}.Debug|Any CPU.ActiveCfg = Debug|Any CPU
		{543D1F87-16F1-499C-93A7-55535143B059}.Debug|Any CPU.Build.0 = Debug|Any CPU
		{543D1F87-16F1-499C-93A7-55535143B059}.Release|Any CPU.ActiveCfg = Release|Any CPU
		{543D1F87-16F1-499C-93A7-55535143B059}.Release|Any CPU.Build.0 = Release|Any CPU
		{48C0B966-A9F8-4B6B-A912-A34305D82703}.Debug|Any CPU.ActiveCfg = Debug|Any CPU
		{48C0B966-A9F8-4B6B-A912-A34305D82703}.Debug|Any CPU.Build.0 = Debug|Any CPU
		{48C0B966-A9F8-4B6B-A912-A34305D82703}.Release|Any CPU.ActiveCfg = Release|Any CPU
		{48C0B966-A9F8-4B6B-A912-A34305D82703}.Release|Any CPU.Build.0 = Release|Any CPU
	EndGlobalSection
	GlobalSection(SolutionProperties) = preSolution
		HideSolutionNode = FALSE
	EndGlobalSection
	GlobalSection(ExtensibilityGlobals) = postSolution
		SolutionGuid = {BDAA8235-FF78-4522-95A1-4D3AD5BD59BD}
	EndGlobalSection
EndGlobal
